
Microsoft Visual Studio Solution File, Format Version 12.00
# Visual Studio Version 17
VisualStudioVersion = 17.13.35825.156
MinimumVisualStudioVersion = 10.0.40219.1
Project("{2150E333-8FDC-42A3-9474-1A3956D46DE8}") = "Services", "Services", "{02EA681E-C7D8-13C7-8484-4AC65E1B71E8}"
EndProject
Project("{2150E333-8FDC-42A3-9474-1A3956D46DE8}") = "Catalog", "Catalog", "{4B107813-970A-4540-AA01-39A6B67595C5}"
EndProject
Project("{2150E333-8FDC-42A3-9474-1A3956D46DE8}") = "BuildingBlocks", "BuildingBlocks", "{7777D8CC-EE92-4259-B90B-2BD834AA0F5E}"
EndProject
Project("{FAE04EC0-301F-11D3-BF4B-00C04F79EFBC}") = "BuidingBlocks", "BuidingBlocks\BuidingBlocks.csproj", "{B144F8B5-1B28-420A-A53C-412502B694C9}"
EndProject
Project("{E53339B2-1760-4266-BCC7-CA923CBCF16C}") = "docker-compose", "docker-compose.dcproj", "{81DDED9D-158B-E303-5F62-77A2896D2A5A}"
EndProject
Project("{2150E333-8FDC-42A3-9474-1A3956D46DE8}") = "Basket", "Basket", "{C22242D1-063E-4BB8-B7FD-5E73FC7B6D79}"
EndProject
Project("{FAE04EC0-301F-11D3-BF4B-00C04F79EFBC}") = "Basket.API", "Services\Basket\Basket.API\Basket.API.csproj", "{2F2216C5-4B8C-4E37-AFDC-221C312D2581}"
EndProject
Project("{FAE04EC0-301F-11D3-BF4B-00C04F79EFBC}") = "Catalog.API", "Services\Catalog\Catalog.API\Catalog.API.csproj", "{33FC5A32-CDDC-EE43-9CA6-483EA2BFBE99}"
EndProject
Global
	GlobalSection(SolutionConfigurationPlatforms) = preSolution
		Debug|Any CPU = Debug|Any CPU
		Release|Any CPU = Release|Any CPU
	EndGlobalSection
	GlobalSection(ProjectConfigurationPlatforms) = postSolution
		{B144F8B5-1B28-420A-A53C-412502B694C9}.Debug|Any CPU.ActiveCfg = Debug|Any CPU
		{B144F8B5-1B28-420A-A53C-412502B694C9}.Debug|Any CPU.Build.0 = Debug|Any CPU
		{B144F8B5-1B28-420A-A53C-412502B694C9}.Release|Any CPU.ActiveCfg = Release|Any CPU
		{B144F8B5-1B28-420A-A53C-412502B694C9}.Release|Any CPU.Build.0 = Release|Any CPU
		{81DDED9D-158B-E303-5F62-77A2896D2A5A}.Debug|Any CPU.ActiveCfg = Debug|Any CPU
		{81DDED9D-158B-E303-5F62-77A2896D2A5A}.Debug|Any CPU.Build.0 = Debug|Any CPU
		{81DDED9D-158B-E303-5F62-77A2896D2A5A}.Release|Any CPU.ActiveCfg = Release|Any CPU
		{81DDED9D-158B-E303-5F62-77A2896D2A5A}.Release|Any CPU.Build.0 = Release|Any CPU
		{2F2216C5-4B8C-4E37-AFDC-221C312D2581}.Debug|Any CPU.ActiveCfg = Debug|Any CPU
		{2F2216C5-4B8C-4E37-AFDC-221C312D2581}.Debug|Any CPU.Build.0 = Debug|Any CPU
		{2F2216C5-4B8C-4E37-AFDC-221C312D2581}.Release|Any CPU.ActiveCfg = Release|Any CPU
		{2F2216C5-4B8C-4E37-AFDC-221C312D2581}.Release|Any CPU.Build.0 = Release|Any CPU
		{33FC5A32-CDDC-EE43-9CA6-483EA2BFBE99}.Debug|Any CPU.ActiveCfg = Debug|Any CPU
		{33FC5A32-CDDC-EE43-9CA6-483EA2BFBE99}.Debug|Any CPU.Build.0 = Debug|Any CPU
		{33FC5A32-CDDC-EE43-9CA6-483EA2BFBE99}.Release|Any CPU.ActiveCfg = Release|Any CPU
		{33FC5A32-CDDC-EE43-9CA6-483EA2BFBE99}.Release|Any CPU.Build.0 = Release|Any CPU
	EndGlobalSection
	GlobalSection(SolutionProperties) = preSolution
		HideSolutionNode = FALSE
	EndGlobalSection
	GlobalSection(NestedProjects) = preSolution
		{4B107813-970A-4540-AA01-39A6B67595C5} = {02EA681E-C7D8-13C7-8484-4AC65E1B71E8}
		{B144F8B5-1B28-420A-A53C-412502B694C9} = {7777D8CC-EE92-4259-B90B-2BD834AA0F5E}
		{C22242D1-063E-4BB8-B7FD-5E73FC7B6D79} = {02EA681E-C7D8-13C7-8484-4AC65E1B71E8}
		{2F2216C5-4B8C-4E37-AFDC-221C312D2581} = {C22242D1-063E-4BB8-B7FD-5E73FC7B6D79}
		{33FC5A32-CDDC-EE43-9CA6-483EA2BFBE99} = {4B107813-970A-4540-AA01-39A6B67595C5}
	EndGlobalSection
	GlobalSection(ExtensibilityGlobals) = postSolution
		SolutionGuid = {6AA6C23D-ADF7-40B8-8A2C-6E853D79D34F}
	EndGlobalSection
EndGlobal
